
Microsoft Visual Studio Solution File, Format Version 12.00
# Visual Studio Version 17
VisualStudioVersion = 17.3.32811.315
MinimumVisualStudioVersion = 10.0.40219.1
Project("{FAE04EC0-301F-11D3-BF4B-00C04F79EFBC}") = "BookStore.API", "BookStore.API\BookStore.API.csproj", "{CF4C5939-A284-4AA9-8B5E-3C34F0C5A3C2}"
EndProject
Global
	GlobalSection(SolutionConfigurationPlatforms) = preSolution
		Debug|Any CPU = Debug|Any CPU
		Release|Any CPU = Release|Any CPU
	EndGlobalSection
	GlobalSection(ProjectConfigurationPlatforms) = postSolution
		{CF4C5939-A284-4AA9-8B5E-3C34F0C5A3C2}.Debug|Any CPU.ActiveCfg = Debug|Any CPU
		{CF4C5939-A284-4AA9-8B5E-3C34F0C5A3C2}.Debug|Any CPU.Build.0 = Debug|Any CPU
		{CF4C5939-A284-4AA9-8B5E-3C34F0C5A3C2}.Release|Any CPU.ActiveCfg = Release|Any CPU
		{CF4C5939-A284-4AA9-8B5E-3C34F0C5A3C2}.Release|Any CPU.Build.0 = Release|Any CPU
	EndGlobalSection
	GlobalSection(SolutionProperties) = preSolution
		HideSolutionNode = FALSE
	EndGlobalSection
	GlobalSection(ExtensibilityGlobals) = postSolution
		SolutionGuid = {0535415D-3FA9-49EA-A1F2-467B948EE13E}
	EndGlobalSection
EndGlobal
